
Microsoft Visual Studio Solution File, Format Version 12.00
# Visual Studio Version 17
VisualStudioVersion = 17.14.37203.1 d17.14
MinimumVisualStudioVersion = 10.0.40219.1
Project("{FAE04EC0-301F-11D3-BF4B-00C04F79EFBC}") = "Cherukuri_Spring26", "Cherukuri_Spring26.csproj", "{A8A26482-8EEA-43EA-BF71-BE2F589C3A90}"
EndProject
Global
	GlobalSection(SolutionConfigurationPlatforms) = preSolution
		Debug|Any CPU = Debug|Any CPU
		Release|Any CPU = Release|Any CPU
	EndGlobalSection
	GlobalSection(ProjectConfigurationPlatforms) = postSolution
		{A8A26482-8EEA-43EA-BF71-BE2F589C3A90}.Debug|Any CPU.ActiveCfg = Debug|Any CPU
		{A8A26482-8EEA-43EA-BF71-BE2F589C3A90}.Debug|Any CPU.Build.0 = Debug|Any CPU
		{A8A26482-8EEA-43EA-BF71-BE2F589C3A90}.Release|Any CPU.ActiveCfg = Release|Any CPU
		{A8A26482-8EEA-43EA-BF71-BE2F589C3A90}.Release|Any CPU.Build.0 = Release|Any CPU
	EndGlobalSection
	GlobalSection(SolutionProperties) = preSolution
		HideSolutionNode = FALSE
	EndGlobalSection
	GlobalSection(ExtensibilityGlobals) = postSolution
		SolutionGuid = {1EABA328-1634-4BCB-912F-719283C6992C}
	EndGlobalSection
EndGlobal
